
Microsoft Visual Studio Solution File, Format Version 12.00
# Visual Studio Version 17
VisualStudioVersion = 17.14.36414.22 d17.14
MinimumVisualStudioVersion = 10.0.40219.1
Project("{8BC9CEB8-8B4A-11D0-8D11-00A0C91BC942}") = "test_swap", "test_swap\test_swap.vcxproj", "{20FAB516-485A-40BA-B876-7BABCE1A18E4}"
EndProject
Global
	GlobalSection(SolutionConfigurationPlatforms) = preSolution
		Debug|x64 = Debug|x64
		Debug|x86 = Debug|x86
		Release|x64 = Release|x64
		Release|x86 = Release|x86
	EndGlobalSection
	GlobalSection(ProjectConfigurationPlatforms) = postSolution
		{20FAB516-485A-40BA-B876-7BABCE1A18E4}.Debug|x64.ActiveCfg = Debug|x64
		{20FAB516-485A-40BA-B876-7BABCE1A18E4}.Debug|x64.Build.0 = Debug|x64
		{20FAB516-485A-40BA-B876-7BABCE1A18E4}.Debug|x86.ActiveCfg = Debug|Win32
		{20FAB516-485A-40BA-B876-7BABCE1A18E4}.Debug|x86.Build.0 = Debug|Win32
		{20FAB516-485A-40BA-B876-7BABCE1A18E4}.Release|x64.ActiveCfg = Release|x64
		{20FAB516-485A-40BA-B876-7BABCE1A18E4}.Release|x64.Build.0 = Release|x64
		{20FAB516-485A-40BA-B876-7BABCE1A18E4}.Release|x86.ActiveCfg = Release|Win32
		{20FAB516-485A-40BA-B876-7BABCE1A18E4}.Release|x86.Build.0 = Release|Win32
	EndGlobalSection
	GlobalSection(SolutionProperties) = preSolution
		HideSolutionNode = FALSE
	EndGlobalSection
	GlobalSection(ExtensibilityGlobals) = postSolution
		SolutionGuid = {9C4B59DA-F6B4-49D7-8B43-E032C2DFFB4A}
	EndGlobalSection
EndGlobal
